
Microsoft Visual Studio Solution File, Format Version 12.00
# Visual Studio Version 16
VisualStudioVersion = 16.0.31729.503
MinimumVisualStudioVersion = 10.0.40219.1
Project("{FAE04EC0-301F-11D3-BF4B-00C04F79EFBC}") = "JobViewer", "JobViewer.csproj", "{322D8C90-FE59-4F21-87B8-71E9FF9FDD90}"
EndProject
Global
	GlobalSection(SolutionConfigurationPlatforms) = preSolution
		Debug|Any CPU = Debug|Any CPU
		Release|Any CPU = Release|Any CPU
	EndGlobalSection
	GlobalSection(ProjectConfigurationPlatforms) = postSolution
		{322D8C90-FE59-4F21-87B8-71E9FF9FDD90}.Debug|Any CPU.ActiveCfg = Debug|Any CPU
		{322D8C90-FE59-4F21-87B8-71E9FF9FDD90}.Debug|Any CPU.Build.0 = Debug|Any CPU
		{322D8C90-FE59-4F21-87B8-71E9FF9FDD90}.Release|Any CPU.ActiveCfg = Release|Any CPU
		{322D8C90-FE59-4F21-87B8-71E9FF9FDD90}.Release|Any CPU.Build.0 = Release|Any CPU
	EndGlobalSection
	GlobalSection(SolutionProperties) = preSolution
		HideSolutionNode = FALSE
	EndGlobalSection
	GlobalSection(ExtensibilityGlobals) = postSolution
		SolutionGuid = {1165710F-C7D6-4886-8E80-B7FA3F9E3A8F}
	EndGlobalSection
EndGlobal
